
Microsoft Visual Studio Solution File, Format Version 12.00
# Visual Studio 15
VisualStudioVersion = 15.0.28307.271
MinimumVisualStudioVersion = 10.0.40219.1
Project("{FAE04EC0-301F-11D3-BF4B-00C04F79EFBC}") = "Linq", "Linq\Linq.csproj", "{42506F5A-0C87-49E1-A825-8D17DC5E445F}"
EndProject
Global
	GlobalSection(SolutionConfigurationPlatforms) = preSolution
		Debug|Any CPU = Debug|Any CPU
		Release|Any CPU = Release|Any CPU
	EndGlobalSection
	GlobalSection(ProjectConfigurationPlatforms) = postSolution
		{42506F5A-0C87-49E1-A825-8D17DC5E445F}.Debug|Any CPU.ActiveCfg = Debug|Any CPU
		{42506F5A-0C87-49E1-A825-8D17DC5E445F}.Debug|Any CPU.Build.0 = Debug|Any CPU
		{42506F5A-0C87-49E1-A825-8D17DC5E445F}.Release|Any CPU.ActiveCfg = Release|Any CPU
		{42506F5A-0C87-49E1-A825-8D17DC5E445F}.Release|Any CPU.Build.0 = Release|Any CPU
	EndGlobalSection
	GlobalSection(SolutionProperties) = preSolution
		HideSolutionNode = FALSE
	EndGlobalSection
	GlobalSection(ExtensibilityGlobals) = postSolution
		SolutionGuid = {BDFA3AFC-FC83-4BCA-9827-CD92A4EC34A2}
	EndGlobalSection
EndGlobal
